version: 6
environments:
  default:
    channels:
    - url: https://conda.anaconda.org/conda-forge/
    indexes:
    - https://pypi.org/simple
    packages:
      win-64:
      - conda: https://conda.anaconda.org/conda-forge/noarch/aiohappyeyeballs-2.6.1-pyhd8ed1ab_0.conda
      - conda: https://conda.anaconda.org/conda-forge/win-64/aiohttp-3.13.2-py313h4f5f683_0.conda
      - conda: https://conda.anaconda.org/conda-forge/noarch/aiosignal-1.4.0-pyhd8ed1ab_0.conda
      - conda: https://conda.anaconda.org/conda-forge/noarch/annotated-types-0.7.0-pyhd8ed1ab_1.conda
      - conda: https://conda.anaconda.org/conda-forge/noarch/attrs-25.4.0-pyh71513ae_0.conda
      - conda: https://conda.anaconda.org/conda-forge/win-64/brotli-python-1.2.0-py313h3ebfc14_1.conda
      - conda: https://conda.anaconda.org/conda-forge/win-64/bzip2-1.0.8-h0ad9c76_8.conda
      - conda: https://conda.anaconda.org/conda-forge/win-64/c-ares-1.34.5-h2466b09_0.conda
      - conda: https://conda.anaconda.org/conda-forge/noarch/ca-certificates-2025.11.12-h4c7d964_0.conda
      - conda: https://conda.anaconda.org/conda-forge/noarch/cachetools-6.2.2-pyhd8ed1ab_0.conda
      - conda: https://conda.anaconda.org/conda-forge/noarch/certifi-2025.11.12-pyhd8ed1ab_0.conda
      - conda: https://conda.anaconda.org/conda-forge/win-64/cffi-2.0.0-py313h5ea7bf4_1.conda
      - conda: https://conda.anaconda.org/conda-forge/noarch/charset-normalizer-3.4.4-pyhd8ed1ab_0.conda
      - conda: https://conda.anaconda.org/conda-forge/noarch/colorama-0.4.6-pyhd8ed1ab_1.conda
      - conda: https://conda.anaconda.org/conda-forge/win-64/cryptography-46.0.3-py313h392ebe0_0.conda
      - conda: https://conda.anaconda.org/conda-forge/win-64/frozenlist-1.7.0-py313h0c48a3b_0.conda
      - conda: https://conda.anaconda.org/conda-forge/noarch/google-ai-generativelanguage-0.6.15-pyhd8ed1ab_0.conda
      - conda: https://conda.anaconda.org/conda-forge/noarch/google-api-core-2.28.1-pyhd8ed1ab_0.conda
      - conda: https://conda.anaconda.org/conda-forge/noarch/google-api-python-client-2.187.0-pyh332efcf_0.conda
      - conda: https://conda.anaconda.org/conda-forge/noarch/google-auth-2.43.0-pyhd8ed1ab_0.conda
      - conda: https://conda.anaconda.org/conda-forge/noarch/google-auth-httplib2-0.2.1-pyhd8ed1ab_0.conda
      - conda: https://conda.anaconda.org/conda-forge/noarch/google-generativeai-0.8.5-pyh29332c3_0.conda
      - conda: https://conda.anaconda.org/conda-forge/noarch/googleapis-common-protos-1.72.0-pyhd8ed1ab_0.conda
      - conda: https://conda.anaconda.org/conda-forge/win-64/grpcio-1.71.0-py313h4c2d140_1.conda
      - conda: https://conda.anaconda.org/conda-forge/noarch/h2-4.3.0-pyhcf101f3_0.conda
      - conda: https://conda.anaconda.org/conda-forge/noarch/hpack-4.1.0-pyhd8ed1ab_0.conda
      - conda: https://conda.anaconda.org/conda-forge/noarch/httplib2-0.31.0-pyhd8ed1ab_0.conda
      - conda: https://conda.anaconda.org/conda-forge/noarch/hyperframe-6.1.0-pyhd8ed1ab_0.conda
      - conda: https://conda.anaconda.org/conda-forge/noarch/idna-3.11-pyhd8ed1ab_0.conda
      - conda: https://conda.anaconda.org/conda-forge/win-64/libabseil-20250127.1-cxx17_h4eb7d71_0.conda
      - conda: https://conda.anaconda.org/conda-forge/win-64/libexpat-2.7.3-hac47afa_0.conda
      - conda: https://conda.anaconda.org/conda-forge/win-64/libffi-3.5.2-h52bdfb6_0.conda
      - conda: https://conda.anaconda.org/conda-forge/win-64/libgrpc-1.71.0-h8c3449c_1.conda
      - conda: https://conda.anaconda.org/conda-forge/win-64/liblzma-5.8.1-h2466b09_2.conda
      - conda: https://conda.anaconda.org/conda-forge/win-64/libmpdec-4.0.0-h2466b09_0.conda
      - conda: https://conda.anaconda.org/conda-forge/win-64/libprotobuf-5.29.3-hd33f5f0_3.conda
      - conda: https://conda.anaconda.org/conda-forge/win-64/libre2-11-2025.06.26-habfad5f_0.conda
      - conda: https://conda.anaconda.org/conda-forge/win-64/libsqlite-3.51.1-hf5d6505_0.conda
      - conda: https://conda.anaconda.org/conda-forge/win-64/libzlib-1.3.1-h2466b09_2.conda
      - conda: https://conda.anaconda.org/conda-forge/win-64/multidict-6.6.3-py313hd650c13_0.conda
      - conda: https://conda.anaconda.org/conda-forge/win-64/openssl-3.6.0-h725018a_0.conda
      - conda: https://conda.anaconda.org/conda-forge/win-64/propcache-0.3.1-py313hb4c8b1a_0.conda
      - conda: https://conda.anaconda.org/conda-forge/noarch/proto-plus-1.26.1-pyhd8ed1ab_0.conda
      - conda: https://conda.anaconda.org/conda-forge/win-64/protobuf-5.29.3-py313h5813708_0.conda
      - conda: https://conda.anaconda.org/conda-forge/noarch/pyasn1-0.6.1-pyhd8ed1ab_2.conda
      - conda: https://conda.anaconda.org/conda-forge/noarch/pyasn1-modules-0.4.2-pyhd8ed1ab_0.conda
      - conda: https://conda.anaconda.org/conda-forge/noarch/pycparser-2.22-pyh29332c3_1.conda
      - conda: https://conda.anaconda.org/conda-forge/noarch/pydantic-2.12.5-pyhcf101f3_1.conda
      - conda: https://conda.anaconda.org/conda-forge/win-64/pydantic-core-2.41.5-py313hfbe8231_1.conda
      - conda: https://conda.anaconda.org/conda-forge/noarch/pyopenssl-25.3.0-pyhd8ed1ab_0.conda
      - conda: https://conda.anaconda.org/conda-forge/noarch/pyparsing-3.2.5-pyhcf101f3_0.conda
      - conda: https://conda.anaconda.org/conda-forge/noarch/pysocks-1.7.1-pyh09c184e_7.conda
      - conda: https://conda.anaconda.org/conda-forge/win-64/python-3.13.9-h09917c8_101_cp313.conda
      - conda: https://conda.anaconda.org/conda-forge/noarch/python_abi-3.13-8_cp313.conda
      - conda: https://conda.anaconda.org/conda-forge/noarch/pyu2f-0.1.5-pyhd8ed1ab_1.conda
      - conda: https://conda.anaconda.org/conda-forge/win-64/re2-2025.06.26-h3dd2b4f_0.conda
      - conda: https://conda.anaconda.org/conda-forge/noarch/requests-2.32.5-pyhd8ed1ab_0.conda
      - conda: https://conda.anaconda.org/conda-forge/noarch/rsa-4.9.1-pyhd8ed1ab_0.conda
      - conda: https://conda.anaconda.org/conda-forge/noarch/six-1.17.0-pyhe01879c_1.conda
      - conda: https://conda.anaconda.org/conda-forge/win-64/tk-8.6.13-h2c6b04d_3.conda
      - conda: https://conda.anaconda.org/conda-forge/noarch/tqdm-4.67.1-pyhd8ed1ab_1.conda
      - conda: https://conda.anaconda.org/conda-forge/noarch/typing-extensions-4.15.0-h396c80c_0.conda
      - conda: https://conda.anaconda.org/conda-forge/noarch/typing-inspection-0.4.2-pyhd8ed1ab_1.conda
      - conda: https://conda.anaconda.org/conda-forge/noarch/typing_extensions-4.15.0-pyhcf101f3_0.conda
      - conda: https://conda.anaconda.org/conda-forge/noarch/tzdata-2025b-h78e105d_0.conda
      - conda: https://conda.anaconda.org/conda-forge/win-64/ucrt-10.0.26100.0-h57928b3_0.conda
      - conda: https://conda.anaconda.org/conda-forge/noarch/uritemplate-4.2.0-pyhd8ed1ab_0.conda
      - conda: https://conda.anaconda.org/conda-forge/noarch/urllib3-2.5.0-pyhd8ed1ab_0.conda
      - conda: https://conda.anaconda.org/conda-forge/win-64/vc-14.3-h2b53caa_32.conda
      - conda: https://conda.anaconda.org/conda-forge/win-64/vc14_runtime-14.44.35208-h818238b_32.conda
      - conda: https://conda.anaconda.org/conda-forge/win-64/vcomp14-14.44.35208-h818238b_32.conda
      - conda: https://conda.anaconda.org/conda-forge/noarch/win_inet_pton-1.1.0-pyh7428d3b_8.conda
      - conda: https://conda.anaconda.org/conda-forge/win-64/yarl-1.22.0-py313hd650c13_0.conda
      - conda: https://conda.anaconda.org/conda-forge/win-64/zstandard-0.25.0-py313h5fd188c_1.conda
      - conda: https://conda.anaconda.org/conda-forge/win-64/zstd-1.5.7-h1b5488d_4.conda
      - pypi: https://files.pythonhosted.org/packages/34/a5/9d78fdb5b844a83da8a71226c7bdae7cc638861085fff7a1d707cb4823fa/audioop_lts-0.2.2-cp313-abi3-win_amd64.whl
      - pypi: https://files.pythonhosted.org/packages/1a/39/47f9197bdd44df24d67ac8893641e16f386c984a0619ef2ee4c51fbbc019/beautifulsoup4-4.14.3-py3-none-any.whl
      - pypi: https://files.pythonhosted.org/packages/c3/c6/9387c3f9decdd9780dfe21b7d9c0831aafd5d6813baf4f17b50afc7b7d77/edge_tts-7.2.3-py3-none-any.whl
      - pypi: https://files.pythonhosted.org/packages/f5/16/10d897b0a83fb4b05b03a63d7a2667ab75f857f67f7062fd447dd3f49bf7/playsound-1.2.2-py2.py3-none-any.whl
      - pypi: https://files.pythonhosted.org/packages/a5/8b/7f9a061c1cc2b230f9ac02a6003fcd14c85ce1828013aecbaf45aa988d20/PyAudio-0.2.14-cp313-cp313-win_amd64.whl
      - pypi: https://files.pythonhosted.org/packages/14/1b/a298b06749107c305e1fe0f814c6c74aea7b2f1e10989cb30f544a1b3253/python_dotenv-1.2.1-py3-none-any.whl
      - pypi: https://files.pythonhosted.org/packages/14/a0/bb38d3b76b8cae341dad93a2dd83ab7462e6dbcdd84d43f54ee60a8dc167/soupsieve-2.8-py3-none-any.whl
      - pypi: https://files.pythonhosted.org/packages/fc/44/9645d4eccf04508c9677e4f75816c977a1ce306cf39e6f258f9d9deee8f9/speechrecognition-3.14.4-py3-none-any.whl
      - pypi: https://files.pythonhosted.org/packages/c3/52/5fbb203394cc852334d1575cc020f6bcec768d2265355984dfd361968f36/standard_aifc-3.13.0-py3-none-any.whl
      - pypi: https://files.pythonhosted.org/packages/7a/90/a5c1084d87767d787a6caba615aa50dc587229646308d9420c960cb5e4c0/standard_chunk-3.13.0-py3-none-any.whl
      - pypi: https://files.pythonhosted.org/packages/40/44/4a5f08c96eb108af5cb50b41f76142f0afa346dfa99d5296fe7202a11854/tabulate-0.9.0-py3-none-any.whl
      - pypi: https://files.pythonhosted.org/packages/67/35/25e68fbc99e672127cc6fbb14b8ec1ba3dfef035bf1e4c90f78f24a80b7d/wikipedia-1.4.0.tar.gz
packages:
- conda: https://conda.anaconda.org/conda-forge/noarch/aiohappyeyeballs-2.6.1-pyhd8ed1ab_0.conda
  sha256: 7842ddc678e77868ba7b92a726b437575b23aaec293bca0d40826f1026d90e27
  md5: 18fd895e0e775622906cdabfc3cf0fb4
  depends:
  - python >=3.9
  license: PSF-2.0
  license_family: PSF
  purls:
  - pkg:pypi/aiohappyeyeballs?source=hash-mapping
  size: 19750
  timestamp: 1741775303303
- conda: https://conda.anaconda.org/conda-forge/win-64/aiohttp-3.13.2-py313h4f5f683_0.conda
  sha256: d8910aaf9095fc87212ee9a8add278e882a5dcb6f9bc3b3f812c4a2763d1c96f
  md5: 5ef36573238e7c52ea53c14e5924c73b
  depends:
  - aiohappyeyeballs >=2.5.0
  - aiosignal >=1.4.0
  - attrs >=17.3.0
  - frozenlist >=1.1.1
  - multidict >=4.5,<7.0
  - propcache >=0.2.0
  - python >=3.13,<3.14.0a0
  - python_abi 3.13.* *_cp313
  - ucrt >=10.0.20348.0
  - vc >=14.3,<15
  - vc14_runtime >=14.44.35208
  - yarl >=1.17.0,<2.0
  license: MIT AND Apache-2.0
  license_family: Apache
  purls:
  - pkg:pypi/aiohttp?source=hash-mapping
  size: 967379
  timestamp: 1761726757321
- conda: https://conda.anaconda.org/conda-forge/noarch/aiosignal-1.4.0-pyhd8ed1ab_0.conda
  sha256: 8dc149a6828d19bf104ea96382a9d04dae185d4a03cc6beb1bc7b84c428e3ca2
  md5: 421a865222cd0c9d83ff08bc78bf3a61
  depends:
  - frozenlist >=1.1.0
  - python >=3.9
  - typing_extensions >=4.2
  license: Apache-2.0
  license_family: APACHE
  purls:
  - pkg:pypi/aiosignal?source=hash-mapping
  size: 13688
  timestamp: 1751626573984
- conda: https://conda.anaconda.org/conda-forge/noarch/annotated-types-0.7.0-pyhd8ed1ab_1.conda
  sha256: e0ea1ba78fbb64f17062601edda82097fcf815012cf52bb704150a2668110d48
  md5: 2934f256a8acfe48f6ebb4fce6cde29c
  depends:
  - python >=3.9
  - typing-extensions >=4.0.0
  license: MIT
  license_family: MIT
  purls:
  - pkg:pypi/annotated-types?source=hash-mapping
  size: 18074
  timestamp: 1733247158254
- conda: https://conda.anaconda.org/conda-forge/noarch/attrs-25.4.0-pyh71513ae_0.conda
  sha256: f6c3c19fa599a1a856a88db166c318b148cac3ee4851a9905ed8a04eeec79f45
  md5: c7944d55af26b6d2d7629e27e9a972c1
  depends:
  - python >=3.10
  license: MIT
  license_family: MIT
  purls:
  - pkg:pypi/attrs?source=hash-mapping
  size: 60101
  timestamp: 1759762331492
- pypi: https://files.pythonhosted.org/packages/34/a5/9d78fdb5b844a83da8a71226c7bdae7cc638861085fff7a1d707cb4823fa/audioop_lts-0.2.2-cp313-abi3-win_amd64.whl
  name: audioop-lts
  version: 0.2.2
  sha256: a2c2a947fae7d1062ef08c4e369e0ba2086049a5e598fda41122535557012e9e
  requires_python: '>=3.13'
- pypi: https://files.pythonhosted.org/packages/1a/39/47f9197bdd44df24d67ac8893641e16f386c984a0619ef2ee4c51fbbc019/beautifulsoup4-4.14.3-py3-none-any.whl
  name: beautifulsoup4
  version: 4.14.3
  sha256: 0918bfe44902e6ad8d57732ba310582e98da931428d231a5ecb9e7c703a735bb
  requires_dist:
  - soupsieve>=1.6.1
  - typing-extensions>=4.0.0
  - cchardet ; extra == 'cchardet'
  - chardet ; extra == 'chardet'
  - charset-normalizer ; extra == 'charset-normalizer'
  - html5lib ; extra == 'html5lib'
  - lxml ; extra == 'lxml'
  requires_python: '>=3.7.0'
- conda: https://conda.anaconda.org/conda-forge/win-64/brotli-python-1.2.0-py313h3ebfc14_1.conda
  sha256: 3558006cd6e836de8dff53cbe5f0b9959f96ea6a6776b4e14f1c524916dd956c
  md5: 916a39a0261621b8c33e9db2366dd427
  depends:
  - python >=3.13,<3.14.0a0
  - python_abi 3.13.* *_cp313
  - ucrt >=10.0.20348.0
  - vc >=14.3,<15
  - vc14_runtime >=14.44.35208
  constrains:
  - libbrotlicommon 1.2.0 hfd05255_1
  license: MIT
  license_family: MIT
  purls:
  - pkg:pypi/brotli?source=hash-mapping
  size: 335605
  timestamp: 1764018132514
- conda: https://conda.anaconda.org/conda-forge/win-64/bzip2-1.0.8-h0ad9c76_8.conda
  sha256: d882712855624641f48aa9dc3f5feea2ed6b4e6004585d3616386a18186fe692
  md5: 1077e9333c41ff0be8edd1a5ec0ddace
  depends:
  - ucrt >=10.0.20348.0
  - vc >=14.3,<15
  - vc14_runtime >=14.44.35208
  license: bzip2-1.0.6
  license_family: BSD
  purls: []
  size: 55977
  timestamp: 1757437738856
- conda: https://conda.anaconda.org/conda-forge/win-64/c-ares-1.34.5-h2466b09_0.conda
  sha256: b52214a0a5632a12587d8dac6323f715bcc890f884efba5a2ce01c48c64ec6dc
  md5: b1f84168da1f0b76857df7e5817947a9
  depends:
  - ucrt >=10.0.20348.0
  - vc >=14.2,<15
  - vc14_runtime >=14.29.30139
  license: MIT
  license_family: MIT
  purls: []
  size: 194147
  timestamp: 1744128507613
- conda: https://conda.anaconda.org/conda-forge/noarch/ca-certificates-2025.11.12-h4c7d964_0.conda
  sha256: 686a13bd2d4024fc99a22c1e0e68a7356af3ed3304a8d3ff6bb56249ad4e82f0
  md5: f98fb7db808b94bc1ec5b0e62f9f1069
  depends:
  - __win
  license: ISC
  purls: []
  size: 152827
  timestamp: 1762967310929
- conda: https://conda.anaconda.org/conda-forge/noarch/cachetools-6.2.2-pyhd8ed1ab_0.conda
  sha256: 69e3870170ca767b2f82ca29854d252669dfc9aba873f7e9b629f642bad4342b
  md5: 9c265afcec13eb6e844ae51b4a4b52ad
  depends:
  - python >=3.10
  license: MIT
  license_family: MIT
  purls:
  - pkg:pypi/cachetools?source=hash-mapping
  size: 16751
  timestamp: 1763073377061
- conda: https://conda.anaconda.org/conda-forge/noarch/certifi-2025.11.12-pyhd8ed1ab_0.conda
  sha256: 083a2bdad892ccf02b352ecab38ee86c3e610ba9a4b11b073ea769d55a115d32
  md5: 96a02a5c1a65470a7e4eedb644c872fd
  depends:
  - python >=3.10
  license: ISC
  purls:
  - pkg:pypi/certifi?source=compressed-mapping
  size: 157131
  timestamp: 1762976260320
- conda: https://conda.anaconda.org/conda-forge/win-64/cffi-2.0.0-py313h5ea7bf4_1.conda
  sha256: f867a11f42bb64a09b232e3decf10f8a8fe5194d7e3a216c6bac9f40483bd1c6
  md5: 55b44664f66a2caf584d72196aa98af9
  depends:
  - pycparser
  - python >=3.13,<3.14.0a0
  - python_abi 3.13.* *_cp313
  - ucrt >=10.0.20348.0
  - vc >=14.3,<15
  - vc14_runtime >=14.44.35208
  license: MIT
  license_family: MIT
  purls:
  - pkg:pypi/cffi?source=hash-mapping
  size: 292681
  timestamp: 1761203203673
- conda: https://conda.anaconda.org/conda-forge/noarch/charset-normalizer-3.4.4-pyhd8ed1ab_0.conda
  sha256: b32f8362e885f1b8417bac2b3da4db7323faa12d5db62b7fd6691c02d60d6f59
  md5: a22d1fd9bf98827e280a02875d9a007a
  depends:
  - python >=3.10
  license: MIT
  license_family: MIT
  purls:
  - pkg:pypi/charset-normalizer?source=hash-mapping
  size: 50965
  timestamp: 1760437331772
- conda: https://conda.anaconda.org/conda-forge/noarch/colorama-0.4.6-pyhd8ed1ab_1.conda
  sha256: ab29d57dc70786c1269633ba3dff20288b81664d3ff8d21af995742e2bb03287
  md5: 962b9857ee8e7018c22f2776ffa0b2d7
  depends:
  - python >=3.9
  license: BSD-3-Clause
  license_family: BSD
  purls:
  - pkg:pypi/colorama?source=hash-mapping
  size: 27011
  timestamp: 1733218222191
- conda: https://conda.anaconda.org/conda-forge/win-64/cryptography-46.0.3-py313h392ebe0_0.conda
  sha256: 9982a9d09f8ace6793cdb5d95b752072051b8724a5b06784228098b3ec679a39
  md5: 27aacc754e031cf8f54847850a7548be
  depends:
  - cffi >=1.14
  - openssl >=3.5.4,<4.0a0
  - python >=3.13,<3.14.0a0
  - python_abi 3.13.* *_cp313
  - ucrt >=10.0.20348.0
  - vc >=14.3,<15
  - vc14_runtime >=14.44.35208
  license: Apache-2.0 AND BSD-3-Clause AND PSF-2.0 AND MIT
  license_family: BSD
  purls:
  - pkg:pypi/cryptography?source=hash-mapping
  size: 1489721
  timestamp: 1760605275164
- pypi: https://files.pythonhosted.org/packages/c3/c6/9387c3f9decdd9780dfe21b7d9c0831aafd5d6813baf4f17b50afc7b7d77/edge_tts-7.2.3-py3-none-any.whl
  name: edge-tts
  version: 7.2.3
  sha256: 62c87df25dedb6cd565cbdf87c639e01c466095b1e8f48ab8fa9efbb2123f53c
  requires_dist:
  - aiohttp>=3.8.0,<4.0.0
  - certifi>=2023.11.17
  - tabulate>=0.4.4,<1.0.0
  - typing-extensions>=4.1.0,<5.0.0
  - black ; extra == 'dev'
  - isort ; extra == 'dev'
  - mypy ; extra == 'dev'
  - pylint ; extra == 'dev'
  - types-tabulate ; extra == 'dev'
  requires_python: '>=3.7'
- conda: https://conda.anaconda.org/conda-forge/win-64/frozenlist-1.7.0-py313h0c48a3b_0.conda
  sha256: 98750d29e4ed0c8e99d1278073def4115bd2ac395b60ff644790d16e472209b0
  md5: 85b7d5b8cc0422ff7f8908a415ea87c8
  depends:
  - python >=3.13,<3.14.0a0
  - python_abi 3.13.* *_cp313
  - ucrt >=10.0.20348.0
  - vc >=14.3,<15
  - vc14_runtime >=14.44.35208
  license: Apache-2.0
  license_family: APACHE
  purls:
  - pkg:pypi/frozenlist?source=hash-mapping
  size: 49129
  timestamp: 1752167418796
- conda: https://conda.anaconda.org/conda-forge/noarch/google-ai-generativelanguage-0.6.15-pyhd8ed1ab_0.conda
  sha256: 4c777e50a850db1b21c5fd5d7afa56634caa841c6c0da5d25d63c32648c983ac
  md5: fcd42b115bc1cd978581baf3287e5329
  depends:
  - google-api-core >=1.34.1,<3.0.0dev,!=2.0.*,!=2.1.*,!=2.2.*,!=2.3.*,!=2.4.*,!=2.5.*,!=2.6.*,!=2.7.*,!=2.8.*,!=2.9.*,!=2.10.*
  - google-auth >=2.14.1,<3.0.0dev,!=2.24.0,!=2.25.0
  - proto-plus >=1.22.3,<2.0.0dev
  - protobuf >=3.20.2,<6.0.0dev,!=4.21.0,!=4.21.1,!=4.21.2,!=4.21.3,!=4.21.4,!=4.21.5
  - python >=3.9
  license: Apache-2.0
  license_family: APACHE
  purls:
  - pkg:pypi/google-ai-generativelanguage?source=hash-mapping
  size: 165555
  timestamp: 1736820665100
- conda: https://conda.anaconda.org/conda-forge/noarch/google-api-core-2.28.1-pyhd8ed1ab_0.conda
  sha256: 3dde5af0fdafae40315c278cd63ed531282f651868b1cb259d96234bc138dce0
  md5: 4f543962961d34db6b5c72ebe827caf7
  depends:
  - google-auth >=2.14.1,<3.0.0
  - googleapis-common-protos >=1.56.2,<2.0.0
  - proto-plus >=1.25.0,<2.0.0
  - protobuf >=3.19.5,<7.0.0,!=3.20.0,!=3.20.1,!=4.21.0,!=4.21.1,!=4.21.2,!=4.21.3,!=4.21.4,!=4.21.5
  - python >=3.10
  - requests >=2.18.0,<3.0.0
  license: Apache-2.0
  license_family: APACHE
  purls:
  - pkg:pypi/google-api-core?source=hash-mapping
  size: 98155
  timestamp: 1761990483177
- conda: https://conda.anaconda.org/conda-forge/noarch/google-api-python-client-2.187.0-pyh332efcf_0.conda
  sha256: 8c4e80cb4bef9afdfe4a2a0ed7d478785df4e7710e9251bce4e6104c73af8c65
  md5: 88ac4a55841541d5517d9a1eb468239c
  depends:
  - google-api-core >=1.31.5,<3.0.0,!=2.0.*,!=2.1.*,!=2.2.*,!=2.3.0
  - google-auth >=1.32.0,<3.0.0,!=2.24.0,!=2.25.0
  - google-auth-httplib2 >=0.2.0,<1.0.0
  - httplib2 >=0.19.0,<1.0.0
  - python >=3.10
  - uritemplate >=3.0.1,<5
  license: Apache-2.0 and MIT
  purls:
  - pkg:pypi/google-api-python-client?source=hash-mapping
  size: 7003124
  timestamp: 1762402003404
- conda: https://conda.anaconda.org/conda-forge/noarch/google-auth-2.43.0-pyhd8ed1ab_0.conda
  sha256: 35fa2eec3fb90ee1c6c2989579f586b4243ff2a0a0dabaeae12fe7c142d44fe7
  md5: 5b33d9974cab063dcf39e8671ddee1c1
  depends:
  - aiohttp >=3.6.2,<4.0.0
  - cachetools >=2.0.0,<7.0
  - cryptography >=38.0.3
  - pyasn1-modules >=0.2.1
  - pyopenssl >=20.0.0
  - python >=3.10
  - pyu2f >=0.1.5
  - requests >=2.20.0,<3.0.0
  - rsa >=3.1.4,<5
  license: Apache-2.0
  license_family: Apache
  purls:
  - pkg:pypi/google-auth?source=hash-mapping
  size: 124222
  timestamp: 1762419588179
- conda: https://conda.anaconda.org/conda-forge/noarch/google-auth-httplib2-0.2.1-pyhd8ed1ab_0.conda
  sha256: 170ea0e011220c5a0f333ecbea12adfa9e1ea2e47fc6e6a22c1fffd9c5d0a88c
  md5: adbe485b64ac928f95d4029c0b4f032d
  depends:
  - google-auth >=1.32.0,<3.0.0
  - httplib2 >=0.19.0,<1.0.0
  - python >=3.10
  license: Apache-2.0
  license_family: Apache
  purls:
  - pkg:pypi/google-auth-httplib2?source=hash-mapping
  size: 15651
  timestamp: 1761895483838
- conda: https://conda.anaconda.org/conda-forge/noarch/google-generativeai-0.8.5-pyh29332c3_0.conda
  sha256: cafbf58ff4fb4fb76d5f609da01123639ca6a490d76bdf90ef79008d823af0f0
  md5: 56d67a6c270d786913823cc9c2045ab1
  depends:
  - typing_extensions
  - python >=3.9
  - google-ai-generativelanguage ==0.6.15
  - google-api-core
  - google-api-python-client
  - google-auth >=2.15.0
  - protobuf
  - pydantic
  - tqdm
  - typing-extensions
  - grpcio
  - python
  license: Apache-2.0
  license_family: APACHE
  purls:
  - pkg:pypi/google-generativeai?source=hash-mapping
  size: 103301
  timestamp: 1744890881327
- conda: https://conda.anaconda.org/conda-forge/noarch/googleapis-common-protos-1.72.0-pyhd8ed1ab_0.conda
  sha256: c09ba4b360a0994430d2fe4a230aa6518cd3e6bfdc51a7af9d35d35a25908bb5
  md5: 003094932fb90de018f77a273b8a509b
  depends:
  - protobuf >=3.20.2,<7.0.0,!=4.21.1,!=4.21.2,!=4.21.3,!=4.21.4,!=4.21.5
  - python >=3.10
  license: Apache-2.0
  license_family: APACHE
  purls:
  - pkg:pypi/googleapis-common-protos?source=compressed-mapping
  size: 142961
  timestamp: 1762522289200
- conda: https://conda.anaconda.org/conda-forge/win-64/grpcio-1.71.0-py313h4c2d140_1.conda
  sha256: 604e51c9c8c6ae8af8a88fff7e8cf786a6879c8ba1f8595dd8c9b394addb8865
  md5: 0d52769a16aaa0ebda1e025656d3a3c9
  depends:
  - libgrpc 1.71.0 h8c3449c_1
  - libzlib >=1.3.1,<2.0a0
  - python >=3.13,<3.14.0a0
  - python_abi 3.13.* *_cp313
  - ucrt >=10.0.20348.0
  - vc >=14.2,<15
  - vc14_runtime >=14.29.30139
  license: Apache-2.0
  license_family: APACHE
  purls:
  - pkg:pypi/grpcio?source=hash-mapping
  size: 751182
  timestamp: 1745193966721
- conda: https://conda.anaconda.org/conda-forge/noarch/h2-4.3.0-pyhcf101f3_0.conda
  sha256: 84c64443368f84b600bfecc529a1194a3b14c3656ee2e832d15a20e0329b6da3
  md5: 164fc43f0b53b6e3a7bc7dce5e4f1dc9
  depends:
  - python >=3.10
  - hyperframe >=6.1,<7
  - hpack >=4.1,<5
  - python
  license: MIT
  license_family: MIT
  purls:
  - pkg:pypi/h2?source=compressed-mapping
  size: 95967
  timestamp: 1756364871835
- conda: https://conda.anaconda.org/conda-forge/noarch/hpack-4.1.0-pyhd8ed1ab_0.conda
  sha256: 6ad78a180576c706aabeb5b4c8ceb97c0cb25f1e112d76495bff23e3779948ba
  md5: 0a802cb9888dd14eeefc611f05c40b6e
  depends:
  - python >=3.9
  license: MIT
  license_family: MIT
  purls:
  - pkg:pypi/hpack?source=hash-mapping
  size: 30731
  timestamp: 1737618390337
- conda: https://conda.anaconda.org/conda-forge/noarch/httplib2-0.31.0-pyhd8ed1ab_0.conda
  sha256: d0d29a5402a8248ff19558046c854576159faf670ff2bf4e8af16d32f190e8f7
  md5: 33ee2e1652fdddcce06312eb0ab6c2d5
  depends:
  - pyparsing >=2.4.2,<4,!=3.0.0,!=3.0.1,!=3.0.2,!=3.0.3
  - python >=3.10
  license: MIT
  license_family: MIT
  purls:
  - pkg:pypi/httplib2?source=hash-mapping
  size: 90818
  timestamp: 1757606504716
- conda: https://conda.anaconda.org/conda-forge/noarch/hyperframe-6.1.0-pyhd8ed1ab_0.conda
  sha256: 77af6f5fe8b62ca07d09ac60127a30d9069fdc3c68d6b256754d0ffb1f7779f8
  md5: 8e6923fc12f1fe8f8c4e5c9f343256ac
  depends:
  - python >=3.9
  license: MIT
  license_family: MIT
  purls:
  - pkg:pypi/hyperframe?source=hash-mapping
  size: 17397
  timestamp: 1737618427549
- conda: https://conda.anaconda.org/conda-forge/noarch/idna-3.11-pyhd8ed1ab_0.conda
  sha256: ae89d0299ada2a3162c2614a9d26557a92aa6a77120ce142f8e0109bbf0342b0
  md5: 53abe63df7e10a6ba605dc5f9f961d36
  depends:
  - python >=3.10
  license: BSD-3-Clause
  license_family: BSD
  purls:
  - pkg:pypi/idna?source=hash-mapping
  size: 50721
  timestamp: 1760286526795
- conda: https://conda.anaconda.org/conda-forge/win-64/libabseil-20250127.1-cxx17_h4eb7d71_0.conda
  sha256: 61ece8d3768604eae2c7c869a5c032a61fbfb8eb86cc85dc39cc2de48d3827b4
  md5: 9619870922c18fa283a3ee703a14cfcc
  depends:
  - ucrt >=10.0.20348.0
  - vc >=14.2,<15
  - vc14_runtime >=14.29.30139
  constrains:
  - libabseil-static =20250127.1=cxx17*
  - abseil-cpp =20250127.1
  license: Apache-2.0
  license_family: Apache
  purls: []
  size: 1836732
  timestamp: 1742370096247
- conda: https://conda.anaconda.org/conda-forge/win-64/libexpat-2.7.3-hac47afa_0.conda
  sha256: 844ab708594bdfbd7b35e1a67c379861bcd180d6efe57b654f482ae2f7f5c21e
  md5: 8c9e4f1a0e688eef2e95711178061a0f
  depends:
  - ucrt >=10.0.20348.0
  - vc >=14.3,<15
  - vc14_runtime >=14.44.35208
  constrains:
  - expat 2.7.3.*
  license: MIT
  license_family: MIT
  purls: []
  size: 70137
  timestamp: 1763550049107
- conda: https://conda.anaconda.org/conda-forge/win-64/libffi-3.5.2-h52bdfb6_0.conda
  sha256: ddff25aaa4f0aa535413f5d831b04073789522890a4d8626366e43ecde1534a3
  md5: ba4ad812d2afc22b9a34ce8327a0930f
  depends:
  - ucrt >=10.0.20348.0
  - vc >=14.3,<15
  - vc14_runtime >=14.44.35208
  license: MIT
  license_family: MIT
  purls: []
  size: 44866
  timestamp: 1760295760649
- conda: https://conda.anaconda.org/conda-forge/win-64/libgrpc-1.71.0-h8c3449c_1.conda
  sha256: eb832f8eea6936400753a5344ebce3e09c36698d04becd6ef234fda9c480cccb
  md5: ef38e4d5e1814a912311abd4468e90bb
  depends:
  - c-ares >=1.34.5,<2.0a0
  - libabseil * cxx17*
  - libabseil >=20250127.1,<20250128.0a0
  - libprotobuf >=5.29.3,<5.29.4.0a0
  - libre2-11 >=2024.7.2
  - libzlib >=1.3.1,<2.0a0
  - openssl >=3.5.0,<4.0a0
  - re2
  - ucrt >=10.0.20348.0
  - vc >=14.2,<15
  - vc14_runtime >=14.29.30139
  constrains:
  - grpc-cpp =1.71.0
  license: Apache-2.0
  license_family: APACHE
  purls: []
  size: 13999413
  timestamp: 1745192535016
- conda: https://conda.anaconda.org/conda-forge/win-64/liblzma-5.8.1-h2466b09_2.conda
  sha256: 55764956eb9179b98de7cc0e55696f2eff8f7b83fc3ebff5e696ca358bca28cc
  md5: c15148b2e18da456f5108ccb5e411446
  depends:
  - ucrt >=10.0.20348.0
  - vc >=14.2,<15
  - vc14_runtime >=14.29.30139
  constrains:
  - xz 5.8.1.*
  license: 0BSD
  purls: []
  size: 104935
  timestamp: 1749230611612
- conda: https://conda.anaconda.org/conda-forge/win-64/libmpdec-4.0.0-h2466b09_0.conda
  sha256: fc529fc82c7caf51202cc5cec5bb1c2e8d90edbac6d0a4602c966366efe3c7bf
  md5: 74860100b2029e2523cf480804c76b9b
  depends:
  - ucrt >=10.0.20348.0
  - vc >=14.2,<15
  - vc14_runtime >=14.29.30139
  license: BSD-2-Clause
  license_family: BSD
  purls: []
  size: 88657
  timestamp: 1723861474602
- conda: https://conda.anaconda.org/conda-forge/win-64/libprotobuf-5.29.3-hd33f5f0_3.conda
  sha256: 4279fd791b3dc7701af5ef931621f6b381c72f4b49ef3f3e17f7e1526d9688ba
  md5: 5ad3febd356c46036718d04dd6f47a07
  depends:
  - libabseil * cxx17*
  - libabseil >=20250127.1,<20250128.0a0
  - libzlib >=1.3.1,<2.0a0
  - ucrt >=10.0.20348.0
  - vc >=14.3,<15
  - vc14_runtime >=14.44.35208
  license: BSD-3-Clause
  license_family: BSD
  purls: []
  size: 7029271
  timestamp: 1764145684746
- conda: https://conda.anaconda.org/conda-forge/win-64/libre2-11-2025.06.26-habfad5f_0.conda
  sha256: ab65399d05be6d0e0733068b47d7d57e91e360ec46c7ced9e21d7f80ac8e05c3
  md5: 38df4686fd7b22710a066faa749d9fa3
  depends:
  - libabseil * cxx17*
  - libabseil >=20250127.1,<20250128.0a0
  - ucrt >=10.0.20348.0
  - vc >=14.3,<15
  - vc14_runtime >=14.44.35208
  constrains:
  - re2 2025.06.26.*
  license: BSD-3-Clause
  license_family: BSD
  purls: []
  size: 267600
  timestamp: 1751053268406
- conda: https://conda.anaconda.org/conda-forge/win-64/libsqlite-3.51.1-hf5d6505_0.conda
  sha256: a976c8b455d9023b83878609bd68c3b035b9839d592bd6c7be7552c523773b62
  md5: f92bef2f8e523bb0eabe60099683617a
  depends:
  - ucrt >=10.0.20348.0
  - vc >=14.3,<15
  - vc14_runtime >=14.44.35208
  license: blessing
  purls: []
  size: 1291059
  timestamp: 1764359545703
- conda: https://conda.anaconda.org/conda-forge/win-64/libzlib-1.3.1-h2466b09_2.conda
  sha256: ba945c6493449bed0e6e29883c4943817f7c79cbff52b83360f7b341277c6402
  md5: 41fbfac52c601159df6c01f875de31b9
  depends:
  - ucrt >=10.0.20348.0
  - vc >=14.2,<15
  - vc14_runtime >=14.29.30139
  constrains:
  - zlib 1.3.1 *_2
  license: Zlib
  license_family: Other
  purls: []
  size: 55476
  timestamp: 1727963768015
- conda: https://conda.anaconda.org/conda-forge/win-64/multidict-6.6.3-py313hd650c13_0.conda
  sha256: a4d3390498aecb4b8711745a1deb66e69aaa9cf318ce8426bef825f8dff510f5
  md5: a70222aca972874c001c477220c5c82f
  depends:
  - python >=3.13,<3.14.0a0
  - python_abi 3.13.* *_cp313
  - ucrt >=10.0.20348.0
  - vc >=14.3,<15
  - vc14_runtime >=14.44.35208
  license: Apache-2.0
  license_family: APACHE
  purls:
  - pkg:pypi/multidict?source=hash-mapping
  size: 91284
  timestamp: 1751310828359
- conda: https://conda.anaconda.org/conda-forge/win-64/openssl-3.6.0-h725018a_0.conda
  sha256: 6d72d6f766293d4f2aa60c28c244c8efed6946c430814175f959ffe8cab899b3
  md5: 84f8fb4afd1157f59098f618cd2437e4
  depends:
  - ca-certificates
  - ucrt >=10.0.20348.0
  - vc >=14.3,<15
  - vc14_runtime >=14.44.35208
  license: Apache-2.0
  license_family: Apache
  purls: []
  size: 9440812
  timestamp: 1762841722179
- pypi: https://files.pythonhosted.org/packages/f5/16/10d897b0a83fb4b05b03a63d7a2667ab75f857f67f7062fd447dd3f49bf7/playsound-1.2.2-py2.py3-none-any.whl
  name: playsound
  version: 1.2.2
  sha256: 1e83750a5325cbccee03d6e751ba3e78c037ac95b95a3ba1f38d0c5aca9e1a34
- conda: https://conda.anaconda.org/conda-forge/win-64/propcache-0.3.1-py313hb4c8b1a_0.conda
  sha256: b6f9e491fed803a4133d6993f0654804332904bc31312cb42ff737456195fc3f
  md5: 5aa4e7fa533f7de1b964c8d3a3581190
  depends:
  - python >=3.13,<3.14.0a0
  - python_abi 3.13.* *_cp313
  - ucrt >=10.0.20348.0
  - vc >=14.2,<15
  - vc14_runtime >=14.29.30139
  license: Apache-2.0
  license_family: APACHE
  purls:
  - pkg:pypi/propcache?source=hash-mapping
  size: 50309
  timestamp: 1744525393617
- conda: https://conda.anaconda.org/conda-forge/noarch/proto-plus-1.26.1-pyhd8ed1ab_0.conda
  sha256: 88217ba299be4a56c0534ccdef676390b76ca10b07ac26d16940d9a944d6212c
  md5: 6fcfcf4432cd80d05ee9c6e20830bd36
  depends:
  - protobuf >=3.19.0,<7.0.0
  - python >=3.9
  license: Apache-2.0
  license_family: APACHE
  purls:
  - pkg:pypi/proto-plus?source=hash-mapping
  size: 42466
  timestamp: 1741676252602
- conda: https://conda.anaconda.org/conda-forge/win-64/protobuf-5.29.3-py313h5813708_0.conda
  sha256: 34d6229002e26ef5b30283b6b62d46618dd14720b4b19b9270bc13bf3984c98e
  md5: 7e28365a03635b474f4487c3d49c3394
  depends:
  - python >=3.13,<3.14.0a0
  - python_abi 3.13.* *_cp313
  - ucrt >=10.0.20348.0
  - vc >=14.2,<15
  - vc14_runtime >=14.29.30139
  constrains:
  - libprotobuf 5.29.3
  license: BSD-3-Clause
  license_family: BSD
  purls:
  - pkg:pypi/protobuf?source=hash-mapping
  size: 473260
  timestamp: 1741127411181
- conda: https://conda.anaconda.org/conda-forge/noarch/pyasn1-0.6.1-pyhd8ed1ab_2.conda
  sha256: d06051df66e9ab753683d7423fcef873d78bb0c33bd112c3d5be66d529eddf06
  md5: 09bb17ed307ad6ab2fd78d32372fdd4e
  depends:
  - python >=3.9
  license: BSD-2-Clause
  license_family: BSD
  purls:
  - pkg:pypi/pyasn1?source=hash-mapping
  size: 62230
  timestamp: 1733217699113
- conda: https://conda.anaconda.org/conda-forge/noarch/pyasn1-modules-0.4.2-pyhd8ed1ab_0.conda
  sha256: 5495061f5d3d6b82b74d400273c586e7c1f1700183de1d2d1688e900071687cb
  md5: c689b62552f6b63f32f3322e463f3805
  depends:
  - pyasn1 >=0.6.1,<0.7.0
  - python >=3.9
  license: BSD-2-Clause
  license_family: BSD
  purls:
  - pkg:pypi/pyasn1-modules?source=hash-mapping
  size: 95990
  timestamp: 1743436137965
- pypi: https://files.pythonhosted.org/packages/a5/8b/7f9a061c1cc2b230f9ac02a6003fcd14c85ce1828013aecbaf45aa988d20/PyAudio-0.2.14-cp313-cp313-win_amd64.whl
  name: pyaudio
  version: 0.2.14
  sha256: 692d8c1446f52ed2662120bcd9ddcb5aa2b71f38bda31e58b19fb4672fffba69
  requires_dist:
  - numpy ; extra == 'test'
- conda: https://conda.anaconda.org/conda-forge/noarch/pycparser-2.22-pyh29332c3_1.conda
  sha256: 79db7928d13fab2d892592223d7570f5061c192f27b9febd1a418427b719acc6
  md5: 12c566707c80111f9799308d9e265aef
  depends:
  - python >=3.9
  - python
  license: BSD-3-Clause
  license_family: BSD
  purls:
  - pkg:pypi/pycparser?source=hash-mapping
  size: 110100
  timestamp: 1733195786147
- conda: https://conda.anaconda.org/conda-forge/noarch/pydantic-2.12.5-pyhcf101f3_1.conda
  sha256: 868569d9505b7fe246c880c11e2c44924d7613a8cdcc1f6ef85d5375e892f13d
  md5: c3946ed24acdb28db1b5d63321dbca7d
  depends:
  - typing-inspection >=0.4.2
  - typing_extensions >=4.14.1
  - python >=3.10
  - typing-extensions >=4.6.1
  - annotated-types >=0.6.0
  - pydantic-core ==2.41.5
  - python
  license: MIT
  license_family: MIT
  purls:
  - pkg:pypi/pydantic?source=hash-mapping
  size: 340482
  timestamp: 1764434463101
- conda: https://conda.anaconda.org/conda-forge/win-64/pydantic-core-2.41.5-py313hfbe8231_1.conda
  sha256: fb9391dc09dd01574c85e2342b9aa3b8664cd713401ef8fd6267865cc28988d8
  md5: 0437f87004ad7c64c98a013d1611db97
  depends:
  - python
  - typing-extensions >=4.6.0,!=4.7.0
  - vc >=14.3,<15
  - vc14_runtime >=14.44.35208
  - ucrt >=10.0.20348.0
  - vc >=14.3,<15
  - vc14_runtime >=14.44.35208
  - ucrt >=10.0.20348.0
  - python_abi 3.13.* *_cp313
  license: MIT
  license_family: MIT
  purls:
  - pkg:pypi/pydantic-core?source=hash-mapping
  size: 1973031
  timestamp: 1762989056610
- conda: https://conda.anaconda.org/conda-forge/noarch/pyopenssl-25.3.0-pyhd8ed1ab_0.conda
  sha256: e3a1216bbc4622ac4dfd36c3f8fd3a90d800eebc9147fa3af7eab07d863516b3
  md5: ddf01a1d87103a152f725c7aeabffa29
  depends:
  - cryptography >=45.0.7,<47
  - python >=3.10
  - typing-extensions >=4.9
  - typing_extensions >=4.9
  license: Apache-2.0
  license_family: Apache
  purls:
  - pkg:pypi/pyopenssl?source=hash-mapping
  size: 126393
  timestamp: 1760304658366
- conda: https://conda.anaconda.org/conda-forge/noarch/pyparsing-3.2.5-pyhcf101f3_0.conda
  sha256: 6814b61b94e95ffc45ec539a6424d8447895fef75b0fec7e1be31f5beee883fb
  md5: 6c8979be6d7a17692793114fa26916e8
  depends:
  - python >=3.10
  - python
  license: MIT
  license_family: MIT
  purls:
  - pkg:pypi/pyparsing?source=hash-mapping
  size: 104044
  timestamp: 1758436411254
- conda: https://conda.anaconda.org/conda-forge/noarch/pysocks-1.7.1-pyh09c184e_7.conda
  sha256: d016e04b0e12063fbee4a2d5fbb9b39a8d191b5a0042f0b8459188aedeabb0ca
  md5: e2fd202833c4a981ce8a65974fe4abd1
  depends:
  - __win
  - python >=3.9
  - win_inet_pton
  license: BSD-3-Clause
  license_family: BSD
  purls:
  - pkg:pypi/pysocks?source=hash-mapping
  size: 21784
  timestamp: 1733217448189
- conda: https://conda.anaconda.org/conda-forge/win-64/python-3.13.9-h09917c8_101_cp313.conda
  build_number: 101
  sha256: bc855b513197637c2083988d5cbdcc407a23151cdecff381bd677df33d516a01
  md5: 89d992b9d4b9e88ed54346c9c4a24c1c
  depends:
  - bzip2 >=1.0.8,<2.0a0
  - libexpat >=2.7.1,<3.0a0
  - libffi >=3.5.2,<3.6.0a0
  - liblzma >=5.8.1,<6.0a0
  - libmpdec >=4.0.0,<5.0a0
  - libsqlite >=3.50.4,<4.0a0
  - libzlib >=1.3.1,<2.0a0
  - openssl >=3.5.4,<4.0a0
  - python_abi 3.13.* *_cp313
  - tk >=8.6.13,<8.7.0a0
  - tzdata
  - ucrt >=10.0.20348.0
  - vc >=14.3,<15
  - vc14_runtime >=14.44.35208
  license: Python-2.0
  purls: []
  size: 16613183
  timestamp: 1761175050438
  python_site_packages_path: Lib/site-packages
- pypi: https://files.pythonhosted.org/packages/14/1b/a298b06749107c305e1fe0f814c6c74aea7b2f1e10989cb30f544a1b3253/python_dotenv-1.2.1-py3-none-any.whl
  name: python-dotenv
  version: 1.2.1
  sha256: b81ee9561e9ca4004139c6cbba3a238c32b03e4894671e181b671e8cb8425d61
  requires_dist:
  - click>=5.0 ; extra == 'cli'
  requires_python: '>=3.9'
- conda: https://conda.anaconda.org/conda-forge/noarch/python_abi-3.13-8_cp313.conda
  build_number: 8
  sha256: 210bffe7b121e651419cb196a2a63687b087497595c9be9d20ebe97dd06060a7
  md5: 94305520c52a4aa3f6c2b1ff6008d9f8
  constrains:
  - python 3.13.* *_cp313
  license: BSD-3-Clause
  license_family: BSD
  purls: []
  size: 7002
  timestamp: 1752805902938
- conda: https://conda.anaconda.org/conda-forge/noarch/pyu2f-0.1.5-pyhd8ed1ab_1.conda
  sha256: 991caa5408aea018488a2c94e915c11792b9321b0ef64401f4829ebd0abfb3c0
  md5: 644bd4ca9f68ef536b902685d773d697
  depends:
  - python >=3.9
  - six
  license: Apache-2.0
  license_family: APACHE
  purls:
  - pkg:pypi/pyu2f?source=hash-mapping
  size: 36786
  timestamp: 1733738704089
- conda: https://conda.anaconda.org/conda-forge/win-64/re2-2025.06.26-h3dd2b4f_0.conda
  sha256: e7b9a7c39987589f7b597882d60193b9599cc4cb2fe950ae406c010fed53aaaa
  md5: 83fe4d44b2c2089ad3778a49c5ca5340
  depends:
  - libre2-11 2025.06.26 habfad5f_0
  license: BSD-3-Clause
  license_family: BSD
  purls: []
  size: 219218
  timestamp: 1751053300752
- conda: https://conda.anaconda.org/conda-forge/noarch/requests-2.32.5-pyhd8ed1ab_0.conda
  sha256: 8dc54e94721e9ab545d7234aa5192b74102263d3e704e6d0c8aa7008f2da2a7b
  md5: db0c6b99149880c8ba515cf4abe93ee4
  depends:
  - certifi >=2017.4.17
  - charset-normalizer >=2,<4
  - idna >=2.5,<4
  - python >=3.9
  - urllib3 >=1.21.1,<3
  constrains:
  - chardet >=3.0.2,<6
  license: Apache-2.0
  license_family: APACHE
  purls:
  - pkg:pypi/requests?source=hash-mapping
  size: 59263
  timestamp: 1755614348400
- conda: https://conda.anaconda.org/conda-forge/noarch/rsa-4.9.1-pyhd8ed1ab_0.conda
  sha256: e32e94e7693d4bc9305b36b8a4ef61034e0428f58850ebee4675978e3c2e5acf
  md5: 58958bb50f986ac0c46f73b6e290d5fe
  depends:
  - pyasn1 >=0.1.3
  - python >=3.9
  license: Apache-2.0
  license_family: APACHE
  purls:
  - pkg:pypi/rsa?source=hash-mapping
  size: 31709
  timestamp: 1744825527634
- conda: https://conda.anaconda.org/conda-forge/noarch/six-1.17.0-pyhe01879c_1.conda
  sha256: 458227f759d5e3fcec5d9b7acce54e10c9e1f4f4b7ec978f3bfd54ce4ee9853d
  md5: 3339e3b65d58accf4ca4fb8748ab16b3
  depends:
  - python >=3.9
  - python
  license: MIT
  license_family: MIT
  purls:
  - pkg:pypi/six?source=hash-mapping
  size: 18455
  timestamp: 1753199211006
- pypi: https://files.pythonhosted.org/packages/14/a0/bb38d3b76b8cae341dad93a2dd83ab7462e6dbcdd84d43f54ee60a8dc167/soupsieve-2.8-py3-none-any.whl
  name: soupsieve
  version: '2.8'
  sha256: 0cc76456a30e20f5d7f2e14a98a4ae2ee4e5abdc7c5ea0aafe795f344bc7984c
  requires_python: '>=3.9'
- pypi: https://files.pythonhosted.org/packages/fc/44/9645d4eccf04508c9677e4f75816c977a1ce306cf39e6f258f9d9deee8f9/speechrecognition-3.14.4-py3-none-any.whl
  name: speechrecognition
  version: 3.14.4
  sha256: 8b09d99a6ed31f994ed6b1749d6f921717e41179aa6387a79e8d514d30d98577
  requires_dist:
  - typing-extensions
  - standard-aifc ; python_full_version >= '3.13'
  - audioop-lts ; python_full_version >= '3.13'
  - pytest ; extra == 'dev'
  - pytest-randomly ; extra == 'dev'
  - respx ; extra == 'dev'
  - numpy ; extra == 'dev'
  - pyaudio>=0.2.11 ; extra == 'audio'
  - pocketsphinx ; extra == 'pocketsphinx'
  - google-cloud-speech ; extra == 'google-cloud'
  - openai-whisper ; extra == 'whisper-local'
  - soundfile ; extra == 'whisper-local'
  - faster-whisper ; extra == 'faster-whisper'
  - soundfile ; extra == 'faster-whisper'
  - openai ; extra == 'openai'
  - httpx<0.28 ; extra == 'openai'
  - groq ; extra == 'groq'
  - httpx<0.28 ; extra == 'groq'
  - requests ; extra == 'assemblyai'
  - vosk ; extra == 'vosk'
  requires_python: '>=3.9'
- pypi: https://files.pythonhosted.org/packages/c3/52/5fbb203394cc852334d1575cc020f6bcec768d2265355984dfd361968f36/standard_aifc-3.13.0-py3-none-any.whl
  name: standard-aifc
  version: 3.13.0
  sha256: f7ae09cc57de1224a0dd8e3eb8f73830be7c3d0bc485de4c1f82b4a7f645ac66
  requires_dist:
  - standard-chunk ; python_full_version >= '3.13'
  - audioop-lts ; python_full_version >= '3.13'
- pypi: https://files.pythonhosted.org/packages/7a/90/a5c1084d87767d787a6caba615aa50dc587229646308d9420c960cb5e4c0/standard_chunk-3.13.0-py3-none-any.whl
  name: standard-chunk
  version: 3.13.0
  sha256: 17880a26c285189c644bd5bd8f8ed2bdb795d216e3293e6dbe55bbd848e2982c
- pypi: https://files.pythonhosted.org/packages/40/44/4a5f08c96eb108af5cb50b41f76142f0afa346dfa99d5296fe7202a11854/tabulate-0.9.0-py3-none-any.whl
  name: tabulate
  version: 0.9.0
  sha256: 024ca478df22e9340661486f85298cff5f6dcdba14f3813e8830015b9ed1948f
  requires_dist:
  - wcwidth ; extra == 'widechars'
  requires_python: '>=3.7'
- conda: https://conda.anaconda.org/conda-forge/win-64/tk-8.6.13-h2c6b04d_3.conda
  sha256: 4581f4ffb432fefa1ac4f85c5682cc27014bcd66e7beaa0ee330e927a7858790
  md5: 7cb36e506a7dba4817970f8adb6396f9
  depends:
  - ucrt >=10.0.20348.0
  - vc >=14.2,<15
  - vc14_runtime >=14.29.30139
  license: TCL
  license_family: BSD
  purls: []
  size: 3472313
  timestamp: 1763055164278
- conda: https://conda.anaconda.org/conda-forge/noarch/tqdm-4.67.1-pyhd8ed1ab_1.conda
  sha256: 11e2c85468ae9902d24a27137b6b39b4a78099806e551d390e394a8c34b48e40
  md5: 9efbfdc37242619130ea42b1cc4ed861
  depends:
  - colorama
  - python >=3.9
  license: MPL-2.0 or MIT
  purls:
  - pkg:pypi/tqdm?source=hash-mapping
  size: 89498
  timestamp: 1735661472632
- conda: https://conda.anaconda.org/conda-forge/noarch/typing-extensions-4.15.0-h396c80c_0.conda
  sha256: 7c2df5721c742c2a47b2c8f960e718c930031663ac1174da67c1ed5999f7938c
  md5: edd329d7d3a4ab45dcf905899a7a6115
  depends:
  - typing_extensions ==4.15.0 pyhcf101f3_0
  license: PSF-2.0
  license_family: PSF
  purls: []
  size: 91383
  timestamp: 1756220668932
- conda: https://conda.anaconda.org/conda-forge/noarch/typing-inspection-0.4.2-pyhd8ed1ab_1.conda
  sha256: 70db27de58a97aeb7ba7448366c9853f91b21137492e0b4430251a1870aa8ff4
  md5: a0a4a3035667fc34f29bfbd5c190baa6
  depends:
  - python >=3.10
  - typing_extensions >=4.12.0
  license: MIT
  license_family: MIT
  purls:
  - pkg:pypi/typing-inspection?source=compressed-mapping
  size: 18923
  timestamp: 1764158430324
- conda: https://conda.anaconda.org/conda-forge/noarch/typing_extensions-4.15.0-pyhcf101f3_0.conda
  sha256: 032271135bca55aeb156cee361c81350c6f3fb203f57d024d7e5a1fc9ef18731
  md5: 0caa1af407ecff61170c9437a808404d
  depends:
  - python >=3.10
  - python
  license: PSF-2.0
  license_family: PSF
  purls:
  - pkg:pypi/typing-extensions?source=hash-mapping
  size: 51692
  timestamp: 1756220668932
- conda: https://conda.anaconda.org/conda-forge/noarch/tzdata-2025b-h78e105d_0.conda
  sha256: 5aaa366385d716557e365f0a4e9c3fca43ba196872abbbe3d56bb610d131e192
  md5: 4222072737ccff51314b5ece9c7d6f5a
  license: LicenseRef-Public-Domain
  purls: []
  size: 122968
  timestamp: 1742727099393
- conda: https://conda.anaconda.org/conda-forge/win-64/ucrt-10.0.26100.0-h57928b3_0.conda
  sha256: 3005729dce6f3d3f5ec91dfc49fc75a0095f9cd23bab49efb899657297ac91a5
  md5: 71b24316859acd00bdb8b38f5e2ce328
  constrains:
  - vc14_runtime >=14.29.30037
  - vs2015_runtime >=14.29.30037
  license: LicenseRef-MicrosoftWindowsSDK10
  purls: []
  size: 694692
  timestamp: 1756385147981
- conda: https://conda.anaconda.org/conda-forge/noarch/uritemplate-4.2.0-pyhd8ed1ab_0.conda
  sha256: 6182ff04a7e3c84e3e5fb8e26e98606089df7d13ae89c3eace81571040dedd68
  md5: 39224004f2b57cf7a7fb3d83610ab633
  depends:
  - python >=3.9
  license: Apache-2.0
  license_family: Apache
  purls:
  - pkg:pypi/uritemplate?source=hash-mapping
  size: 16301
  timestamp: 1748892415935
- conda: https://conda.anaconda.org/conda-forge/noarch/urllib3-2.5.0-pyhd8ed1ab_0.conda
  sha256: 4fb9789154bd666ca74e428d973df81087a697dbb987775bc3198d2215f240f8
  md5: 436c165519e140cb08d246a4472a9d6a
  depends:
  - brotli-python >=1.0.9
  - h2 >=4,<5
  - pysocks >=1.5.6,<2.0,!=1.5.7
  - python >=3.9
  - zstandard >=0.18.0
  license: MIT
  license_family: MIT
  purls:
  - pkg:pypi/urllib3?source=hash-mapping
  size: 101735
  timestamp: 1750271478254
- conda: https://conda.anaconda.org/conda-forge/win-64/vc-14.3-h2b53caa_32.conda
  sha256: 82250af59af9ff3c6a635dd4c4764c631d854feb334d6747d356d949af44d7cf
  md5: ef02bbe151253a72b8eda264a935db66
  depends:
  - vc14_runtime >=14.42.34433
  track_features:
  - vc14
  license: BSD-3-Clause
  license_family: BSD
  purls: []
  size: 18861
  timestamp: 1760418772353
- conda: https://conda.anaconda.org/conda-forge/win-64/vc14_runtime-14.44.35208-h818238b_32.conda
  sha256: e3a3656b70d1202e0d042811ceb743bd0d9f7e00e2acdf824d231b044ef6c0fd
  md5: 378d5dcec45eaea8d303da6f00447ac0
  depends:
  - ucrt >=10.0.20348.0
  - vcomp14 14.44.35208 h818238b_32
  constrains:
  - vs2015_runtime 14.44.35208.* *_32
  license: LicenseRef-MicrosoftVisualCpp2015-2022Runtime
  license_family: Proprietary
  purls: []
  size: 682706
  timestamp: 1760418629729
- conda: https://conda.anaconda.org/conda-forge/win-64/vcomp14-14.44.35208-h818238b_32.conda
  sha256: f3790c88fbbdc55874f41de81a4237b1b91eab75e05d0e58661518ff04d2a8a1
  md5: 58f67b437acbf2764317ba273d731f1d
  depends:
  - ucrt >=10.0.20348.0
  constrains:
  - vs2015_runtime 14.44.35208.* *_32
  license: LicenseRef-MicrosoftVisualCpp2015-2022Runtime
  license_family: Proprietary
  purls: []
  size: 114846
  timestamp: 1760418593847
- pypi: https://files.pythonhosted.org/packages/67/35/25e68fbc99e672127cc6fbb14b8ec1ba3dfef035bf1e4c90f78f24a80b7d/wikipedia-1.4.0.tar.gz
  name: wikipedia
  version: 1.4.0
  sha256: db0fad1829fdd441b1852306e9856398204dc0786d2996dd2e0c8bb8e26133b2
  requires_dist:
  - beautifulsoup4
  - requests>=2.0.0,<3.0.0
- conda: https://conda.anaconda.org/conda-forge/noarch/win_inet_pton-1.1.0-pyh7428d3b_8.conda
  sha256: 93807369ab91f230cf9e6e2a237eaa812492fe00face5b38068735858fba954f
  md5: 46e441ba871f524e2b067929da3051c2
  depends:
  - __win
  - python >=3.9
  license: LicenseRef-Public-Domain
  purls:
  - pkg:pypi/win-inet-pton?source=hash-mapping
  size: 9555
  timestamp: 1733130678956
- conda: https://conda.anaconda.org/conda-forge/win-64/yarl-1.22.0-py313hd650c13_0.conda
  sha256: c8aeb8ba2bf017e7da16ff5aaedc87e31d60948d0a67cadd8f796bf82211b7ca
  md5: a296d7bc284ee121cd14fcc129cafffc
  depends:
  - idna >=2.0
  - multidict >=4.0
  - propcache >=0.2.1
  - python >=3.13,<3.14.0a0
  - python_abi 3.13.* *_cp313
  - ucrt >=10.0.20348.0
  - vc >=14.3,<15
  - vc14_runtime >=14.44.35208
  license: Apache-2.0
  license_family: Apache
  purls:
  - pkg:pypi/yarl?source=hash-mapping
  size: 142329
  timestamp: 1761337622076
- conda: https://conda.anaconda.org/conda-forge/win-64/zstandard-0.25.0-py313h5fd188c_1.conda
  sha256: 5f751687a64cf5a6d69ad79aa437f45d6cc388d9e887dcdecff9d3b08cf7fd87
  md5: 46f6f9bb324a58a9b081bbc56ade37f2
  depends:
  - python
  - cffi >=1.11
  - zstd >=1.5.7,<1.5.8.0a0
  - vc >=14.3,<15
  - vc14_runtime >=14.44.35208
  - ucrt >=10.0.20348.0
  - vc >=14.3,<15
  - vc14_runtime >=14.44.35208
  - ucrt >=10.0.20348.0
  - python_abi 3.13.* *_cp313
  - zstd >=1.5.7,<1.6.0a0
  license: BSD-3-Clause
  license_family: BSD
  purls:
  - pkg:pypi/zstandard?source=hash-mapping
  size: 380854
  timestamp: 1762512720226
- conda: https://conda.anaconda.org/conda-forge/win-64/zstd-1.5.7-h1b5488d_4.conda
  sha256: 501b08795c36ba675765627d40b0bfd7e8e4229174335fb2566fab93ab441c4a
  md5: 4fcccc053a113f5711dddf64401e9010
  depends:
  - libzlib >=1.3.1,<2.0a0
  - ucrt >=10.0.20348.0
  - vc >=14.3,<15
  - vc14_runtime >=14.44.35208
  license: BSD-3-Clause
  license_family: BSD
  purls: []
  size: 359229
  timestamp: 1764431496562
